
Microsoft Visual Studio Solution File, Format Version 12.00
# Visual Studio Version 16
VisualStudioVersion = 16.0.31220.234
MinimumVisualStudioVersion = 10.0.40219.1
Project("{FAE04EC0-301F-11D3-BF4B-00C04F79EFBC}") = "GameStateIntegration", "GameStateIntegration.csproj", "{F4C24BAF-CF23-4349-A7A7-745B59DE92B7}"
EndProject
Project("{9A19103F-16F7-4668-BE54-9A1E7A4F7556}") = "CSGSI", "D:\pe\Downloads\CSGSI-master\CSGSI-master\CSGSI\CSGSI.csproj", "{8D55804C-2CF1-4A65-9C3E-8E41CD809535}"
EndProject
Project("{9A19103F-16F7-4668-BE54-9A1E7A4F7556}") = "GameOverlay", "D:\pe\Downloads\GameOverlay.Net-master\GameOverlay.Net-master\source\GameOverlay\GameOverlay.csproj", "{878FEE05-E67A-4D62-A8CF-5E91B56D7858}"
EndProject
Global
	GlobalSection(SolutionConfigurationPlatforms) = preSolution
		Debug|Any CPU = Debug|Any CPU
		Release|Any CPU = Release|Any CPU
	EndGlobalSection
	GlobalSection(ProjectConfigurationPlatforms) = postSolution
		{F4C24BAF-CF23-4349-A7A7-745B59DE92B7}.Debug|Any CPU.ActiveCfg = Debug|Any CPU
		{F4C24BAF-CF23-4349-A7A7-745B59DE92B7}.Debug|Any CPU.Build.0 = Debug|Any CPU
		{F4C24BAF-CF23-4349-A7A7-745B59DE92B7}.Release|Any CPU.ActiveCfg = Release|Any CPU
		{F4C24BAF-CF23-4349-A7A7-745B59DE92B7}.Release|Any CPU.Build.0 = Release|Any CPU
		{8D55804C-2CF1-4A65-9C3E-8E41CD809535}.Debug|Any CPU.ActiveCfg = Debug|Any CPU
		{8D55804C-2CF1-4A65-9C3E-8E41CD809535}.Debug|Any CPU.Build.0 = Debug|Any CPU
		{8D55804C-2CF1-4A65-9C3E-8E41CD809535}.Release|Any CPU.ActiveCfg = Release|Any CPU
		{8D55804C-2CF1-4A65-9C3E-8E41CD809535}.Release|Any CPU.Build.0 = Release|Any CPU
		{878FEE05-E67A-4D62-A8CF-5E91B56D7858}.Debug|Any CPU.ActiveCfg = Debug|Any CPU
		{878FEE05-E67A-4D62-A8CF-5E91B56D7858}.Debug|Any CPU.Build.0 = Debug|Any CPU
		{878FEE05-E67A-4D62-A8CF-5E91B56D7858}.Release|Any CPU.ActiveCfg = Release|Any CPU
		{878FEE05-E67A-4D62-A8CF-5E91B56D7858}.Release|Any CPU.Build.0 = Release|Any CPU
	EndGlobalSection
	GlobalSection(SolutionProperties) = preSolution
		HideSolutionNode = FALSE
	EndGlobalSection
	GlobalSection(ExtensibilityGlobals) = postSolution
		SolutionGuid = {5AD68395-EB61-4457-86E0-5648EEDE685C}
	EndGlobalSection
EndGlobal
